// !$*UTF8*$!
{
	archiveVersion = 1;
	classes = {
	};
	objectVersion = 46;
	objects = {

/* Begin PBXBuildFile section */
		7BAB179D1D5240B9004F81C8 /* AppDelegate.swift in Sources */ = {isa = PBXBuildFile; fileRef = 7BAB179C1D5240B9004F81C8 /* AppDelegate.swift */; };
		7BAB179F1D5240B9004F81C8 /* MainVC.swift in Sources */ = {isa = PBXBuildFile; fileRef = 7BAB179E1D5240B9004F81C8 /* MainVC.swift */; };
		7BAB17A21D5240B9004F81C8 /* Main.storyboard in Resources */ = {isa = PBXBuildFile; fileRef = 7BAB17A01D5240B9004F81C8 /* Main.storyboard */; };
		7BAB17A41D5240B9004F81C8 /* Assets.xcassets in Resources */ = {isa = PBXBuildFile; fileRef = 7BAB17A31D5240B9004F81C8 /* Assets.xcassets */; };
		7BAB17A71D5240B9004F81C8 /* LaunchScreen.storyboard in Resources */ = {isa = PBXBuildFile; fileRef = 7BAB17A51D5240B9004F81C8 /* LaunchScreen.storyboard */; };
		7BAB17B21D5240BA004F81C8 /* MansionOfPartyTests.swift in Sources */ = {isa = PBXBuildFile; fileRef = 7BAB17B11D5240BA004F81C8 /* MansionOfPartyTests.swift */; };
/* End PBXBuildFile section */

/* Begin PBXContainerItemProxy section */
		7BAB17AE1D5240BA004F81C8 /* PBXContainerItemProxy */ = {
			isa = PBXContainerItemProxy;
			containerPortal = 7BAB17911D5240B9004F81C8 /* Project object */;
			proxyType = 1;
			remoteGlobalIDString = 7BAB17981D5240B9004F81C8;
			remoteInfo = MansionOfParty;
		};
/* End PBXContainerItemProxy section */

/* Begin PBXFileReference section */
		7BAB17991D5240B9004F81C8 /* MansionOfParty.app */ = {isa = PBXFileReference; explicitFileType = wrapper.application; includeInIndex = 0; path = MansionOfParty.app; sourceTree = BUILT_PRODUCTS_DIR; };
		7BAB179C1D5240B9004F81C8 /* AppDelegate.swift */ = {isa = PBXFileReference; lastKnownFileType = sourcecode.swift; path = AppDelegate.swift; sourceTree = "<group>"; };
		7BAB179E1D5240B9004F81C8 /* MainVC.swift */ = {isa = PBXFileReference; lastKnownFileType = sourcecode.swift; path = MainVC.swift; sourceTree = "<group>"; };
		7BAB17A11D5240B9004F81C8 /* Base */ = {isa = PBXFileReference; lastKnownFileType = file.storyboard; name = Base; path = Base.lproj/Main.storyboard; sourceTree = "<group>"; };
		7BAB17A31D5240B9004F81C8 /* Assets.xcassets */ = {isa = PBXFileReference; lastKnownFileType = folder.assetcatalog; path = Assets.xcassets; sourceTree = "<group>"; };
		7BAB17A61D5240B9004F81C8 /* Base */ = {isa = PBXFileReference; lastKnownFileType = file.storyboard; name = Base; path = Base.lproj/LaunchScreen.storyboard; sourceTree = "<group>"; };
		7BAB17A81D5240B9004F81C8 /* Info.plist */ = {isa = PBXFileReference; lastKnownFileType = text.plist.xml; path = Info.plist; sourceTree = "<group>"; };
		7BAB17AD1D5240BA004F81C8 /* MansionOfPartyTests.xctest */ = {isa = PBXFileReference; explicitFileType = wrapper.cfbundle; includeInIndex = 0; path = MansionOfPartyTests.xctest; sourceTree = BUILT_PRODUCTS_DIR; };
		7BAB17B11D5240BA004F81C8 /* MansionOfPartyTests.swift */ = {isa = PBXFileReference; lastKnownFileType = sourcecode.swift; path = MansionOfPartyTests.swift; sourceTree = "<group>"; };
		7BAB17B31D5240BA004F81C8 /* Info.plist */ = {isa = PBXFileReference; lastKnownFileType = text.plist.xml; path = Info.plist; sourceTree = "<group>"; };
/* End PBXFileReference section */

/* Begin PBXFrameworksBuildPhase section */
		7BAB17961D5240B9004F81C8 /* Frameworks */ = {
			isa = PBXFrameworksBuildPhase;
			buildActionMask = 2147483647;
			files = (
			);
			runOnlyForDeploymentPostprocessing = 0;
		};
		7BAB17AA1D5240BA004F81C8 /* Frameworks */ = {
			isa = PBXFrameworksBuildPhase;
			buildActionMask = 2147483647;
			files = (
			);
			runOnlyForDeploymentPostprocessing = 0;
		};
/* End PBXFrameworksBuildPhase section */

/* Begin PBXGroup section */
		7BAB17901D5240B9004F81C8 = {
			isa = PBXGroup;
			children = (
				7BAB179B1D5240B9004F81C8 /* MansionOfParty */,
				7BAB17B01D5240BA004F81C8 /* MansionOfPartyTests */,
				7BAB179A1D5240B9004F81C8 /* Products */,
			);
			sourceTree = "<group>";
		};
		7BAB179A1D5240B9004F81C8 /* Products */ = {
			isa = PBXGroup;
			children = (
				7BAB17991D5240B9004F81C8 /* MansionOfParty.app */,
				7BAB17AD1D5240BA004F81C8 /* MansionOfPartyTests.xctest */,
			);
			name = Products;
			sourceTree = "<group>";
		};
		7BAB179B1D5240B9004F81C8 /* MansionOfParty */ = {
			isa = PBXGroup;
			children = (
				7BAB17BE1D524106004F81C8 /* Controller */,
				7BAB17BD1D5240FF004F81C8 /* Model */,
				7BAB17BC1D5240F8004F81C8 /* View */,
				7BAB179C1D5240B9004F81C8 /* AppDelegate.swift */,
				7BAB17A01D5240B9004F81C8 /* Main.storyboard */,
				7BAB17A31D5240B9004F81C8 /* Assets.xcassets */,
				7BAB17A51D5240B9004F81C8 /* LaunchScreen.storyboard */,
				7BAB17A81D5240B9004F81C8 /* Info.plist */,
			);
			path = MansionOfParty;
			sourceTree = "<group>";
		};
		7BAB17B01D5240BA004F81C8 /* MansionOfPartyTests */ = {
			isa = PBXGroup;
			children = (
				7BAB17B11D5240BA004F81C8 /* MansionOfPartyTests.swift */,
				7BAB17B31D5240BA004F81C8 /* Info.plist */,
			);
			path = MansionOfPartyTests;
			sourceTree = "<group>";
		};
		7BAB17BC1D5240F8004F81C8 /* View */ = {
			isa = PBXGroup;
			children = (
			);
			name = View;
			sourceTree = "<group>";
		};
		7BAB17BD1D5240FF004F81C8 /* Model */ = {
			isa = PBXGroup;
			children = (
			);
			name = Model;
			sourceTree = "<group>";
		};
		7BAB17BE1D524106004F81C8 /* Controller */ = {
			isa = PBXGroup;
			children = (
				7BAB179E1D5240B9004F81C8 /* MainVC.swift */,
			);
			name = Controller;
			sourceTree = "<group>";
		};
/* End PBXGroup section */

/* Begin PBXNativeTarget section */
		7BAB17981D5240B9004F81C8 /* MansionOfParty */ = {
			isa = PBXNativeTarget;
			buildConfigurationList = 7BAB17B61D5240BA004F81C8 /* Build configuration list for PBXNativeTarget "MansionOfParty" */;
			buildPhases = (
				7BAB17951D5240B9004F81C8 /* Sources */,
				7BAB17961D5240B9004F81C8 /* Frameworks */,
				7BAB17971D5240B9004F81C8 /* Resources */,
			);
			buildRules = (
			);
			dependencies = (
			);
			name = MansionOfParty;
			productName = MansionOfParty;
			productReference = 7BAB17991D5240B9004F81C8 /* MansionOfParty.app */;
			productType = "com.apple.product-type.application";
		};
		7BAB17AC1D5240BA004F81C8 /* MansionOfPartyTests */ = {
			isa = PBXNativeTarget;
			buildConfigurationList = 7BAB17B91D5240BA004F81C8 /* Build configuration list for PBXNativeTarget "MansionOfPartyTests" */;
			buildPhases = (
				7BAB17A91D5240BA004F81C8 /* Sources */,
				7BAB17AA1D5240BA004F81C8 /* Frameworks */,
				7BAB17AB1D5240BA004F81C8 /* Resources */,
			);
			buildRules = (
			);
			dependencies = (
				7BAB17AF1D5240BA004F81C8 /* PBXTargetDependency */,
			);
			name = MansionOfPartyTests;
			productName = MansionOfPartyTests;
			productReference = 7BAB17AD1D5240BA004F81C8 /* MansionOfPartyTests.xctest */;
			productType = "com.apple.product-type.bundle.unit-test";
		};
/* End PBXNativeTarget section */

/* Begin PBXProject section */
		7BAB17911D5240B9004F81C8 /* Project object */ = {
			isa = PBXProject;
			attributes = {
				LastSwiftUpdateCheck = 0800;
				LastUpgradeCheck = 0800;
				ORGANIZATIONNAME = "Dan Lindsay";
				TargetAttributes = {
					7BAB17981D5240B9004F81C8 = {
						CreatedOnToolsVersion = 8.0;
						DevelopmentTeam = 999T2QHS45;
						DevelopmentTeamName = "dan lindsay";
						ProvisioningStyle = Automatic;
					};
					7BAB17AC1D5240BA004F81C8 = {
						CreatedOnToolsVersion = 8.0;
						DevelopmentTeam = 999T2QHS45;
						DevelopmentTeamName = "dan lindsay";
						ProvisioningStyle = Automatic;
						TestTargetID = 7BAB17981D5240B9004F81C8;
					};
				};
			};
			buildConfigurationList = 7BAB17941D5240B9004F81C8 /* Build configuration list for PBXProject "MansionOfParty" */;
			compatibilityVersion = "Xcode 3.2";
			developmentRegion = English;
			hasScannedForEncodings = 0;
			knownRegions = (
				en,
				Base,
			);
			mainGroup = 7BAB17901D5240B9004F81C8;
			productRefGroup = 7BAB179A1D5240B9004F81C8 /* Products */;
			projectDirPath = "";
			projectRoot = "";
			targets = (
				7BAB17981D5240B9004F81C8 /* MansionOfParty */,
				7BAB17AC1D5240BA004F81C8 /* MansionOfPartyTests */,
			);
		};
/* End PBXProject section */

/* Begin PBXResourcesBuildPhase section */
		7BAB17971D5240B9004F81C8 /* Resources */ = {
			isa = PBXResourcesBuildPhase;
			buildActionMask = 2147483647;
			files = (
				7BAB17A71D5240B9004F81C8 /* LaunchScreen.storyboard in Resources */,
				7BAB17A41D5240B9004F81C8 /* Assets.xcassets in Resources */,
				7BAB17A21D5240B9004F81C8 /* Main.storyboard in Resources */,
			);
			runOnlyForDeploymentPostprocessing = 0;
		};
		7BAB17AB1D5240BA004F81C8 /* Resources */ = {
			isa = PBXResourcesBuildPhase;
			buildActionMask = 2147483647;
			files = (
			);
			runOnlyForDeploymentPostprocessing = 0;
		};
/* End PBXResourcesBuildPhase section */

/* Begin PBXSourcesBuildPhase section */
		7BAB17951D5240B9004F81C8 /* Sources */ = {
			isa = PBXSourcesBuildPhase;
			buildActionMask = 2147483647;
			files = (
				7BAB179F1D5240B9004F81C8 /* MainVC.swift in Sources */,
				7BAB179D1D5240B9004F81C8 /* AppDelegate.swift in Sources */,
			);
			runOnlyForDeploymentPostprocessing = 0;
		};
		7BAB17A91D5240BA004F81C8 /* Sources */ = {
			isa = PBXSourcesBuildPhase;
			buildActionMask = 2147483647;
			files = (
				7BAB17B21D5240BA004F81C8 /* MansionOfPartyTests.swift in Sources */,
			);
			runOnlyForDeploymentPostprocessing = 0;
		};
/* End PBXSourcesBuildPhase section */

/* Begin PBXTargetDependency section */
		7BAB17AF1D5240BA004F81C8 /* PBXTargetDependency */ = {
			isa = PBXTargetDependency;
			target = 7BAB17981D5240B9004F81C8 /* MansionOfParty */;
			targetProxy = 7BAB17AE1D5240BA004F81C8 /* PBXContainerItemProxy */;
		};
/* End PBXTargetDependency section */

/* Begin PBXVariantGroup section */
		7BAB17A01D5240B9004F81C8 /* Main.storyboard */ = {
			isa = PBXVariantGroup;
			children = (
				7BAB17A11D5240B9004F81C8 /* Base */,
			);
			name = Main.storyboard;
			sourceTree = "<group>";
		};
		7BAB17A51D5240B9004F81C8 /* LaunchScreen.storyboard */ = {
			isa = PBXVariantGroup;
			children = (
				7BAB17A61D5240B9004F81C8 /* Base */,
			);
			name = LaunchScreen.storyboard;
			sourceTree = "<group>";
		};
/* End PBXVariantGroup section */

/* Begin XCBuildConfiguration section */
		7BAB17B41D5240BA004F81C8 /* Debug */ = {
			isa = XCBuildConfiguration;
			buildSettings = {
				ALWAYS_SEARCH_USER_PATHS = NO;
				CLANG_ANALYZER_NONNULL = YES;
				CLANG_CXX_LANGUAGE_STANDARD = "gnu++0x";
				CLANG_CXX_LIBRARY = "libc++";
				CLANG_ENABLE_MODULES = YES;
				CLANG_ENABLE_OBJC_ARC = YES;
				CLANG_WARN_BOOL_CONVERSION = YES;
				CLANG_WARN_CONSTANT_CONVERSION = YES;
				CLANG_WARN_DIRECT_OBJC_ISA_USAGE = YES_ERROR;
				CLANG_WARN_DOCUMENTATION_COMMENTS = YES;
				CLANG_WARN_EMPTY_BODY = YES;
				CLANG_WARN_ENUM_CONVERSION = YES;
				CLANG_WARN_INT_CONVERSION = YES;
				CLANG_WARN_OBJC_ROOT_CLASS = YES_ERROR;
				CLANG_WARN_UNREACHABLE_CODE = YES;
				CLANG_WARN__DUPLICATE_METHOD_MATCH = YES;
				"CODE_SIGN_IDENTITY[sdk=iphoneos*]" = "iPhone Developer";
				COPY_PHASE_STRIP = NO;
				DEBUG_INFORMATION_FORMAT = dwarf;
				ENABLE_STRICT_OBJC_MSGSEND = YES;
				ENABLE_TESTABILITY = YES;
				GCC_C_LANGUAGE_STANDARD = gnu99;
				GCC_DYNAMIC_NO_PIC = NO;
				GCC_NO_COMMON_BLOCKS = YES;
				GCC_OPTIMIZATION_LEVEL = 0;
				GCC_PREPROCESSOR_DEFINITIONS = (
					"DEBUG=1",
					"$(inherited)",
				);
				GCC_WARN_64_TO_32_BIT_CONVERSION = YES;
				GCC_WARN_ABOUT_RETURN_TYPE = YES_ERROR;
				GCC_WARN_UNDECLARED_SELECTOR = YES;
				GCC_WARN_UNINITIALIZED_AUTOS = YES_AGGRESSIVE;
				GCC_WARN_UNUSED_FUNCTION = YES;
				GCC_WARN_UNUSED_VARIABLE = YES;
				IPHONEOS_DEPLOYMENT_TARGET = 10.0;
				MTL_ENABLE_DEBUG_INFO = YES;
				ONLY_ACTIVE_ARCH = YES;
				SDKROOT = iphoneos;
				SWIFT_ACTIVE_COMPILATION_CONDITIONS = DEBUG;
				SWIFT_OPTIMIZATION_LEVEL = "-Onone";
				TARGETED_DEVICE_FAMILY = "1,2";
			};
			name = Debug;
		};
		7BAB17B51D5240BA004F81C8 /* Release */ = {
			isa = XCBuildConfiguration;
			buildSettings = {
				ALWAYS_SEARCH_USER_PATHS = NO;
				CLANG_ANALYZER_NONNULL = YES;
				CLANG_CXX_LANGUAGE_STANDARD = "gnu++0x";
				CLANG_CXX_LIBRARY = "libc++";
				CLANG_ENABLE_MODULES = YES;
				CLANG_ENABLE_OBJC_ARC = YES;
				CLANG_WARN_BOOL_CONVERSION = YES;
				CLANG_WARN_CONSTANT_CONVERSION = YES;
				CLANG_WARN_DIRECT_OBJC_ISA_USAGE = YES_ERROR;
				CLANG_WARN_DOCUMENTATION_COMMENTS = YES;
				CLANG_WARN_EMPTY_BODY = YES;
				CLANG_WARN_ENUM_CONVERSION = YES;
				CLANG_WARN_INT_CONVERSION = YES;
				CLANG_WARN_OBJC_ROOT_CLASS = YES_ERROR;
				CLANG_WARN_UNREACHABLE_CODE = YES;
				CLANG_WARN__DUPLICATE_METHOD_MATCH = YES;
				"CODE_SIGN_IDENTITY[sdk=iphoneos*]" = "iPhone Developer";
				COPY_PHASE_STRIP = NO;
				DEBUG_INFORMATION_FORMAT = "dwarf-with-dsym";
				ENABLE_NS_ASSERTIONS = NO;
				ENABLE_STRICT_OBJC_MSGSEND = YES;
				GCC_C_LANGUAGE_STANDARD = gnu99;
				GCC_NO_COMMON_BLOCKS = YES;
				GCC_WARN_64_TO_32_BIT_CONVERSION = YES;
				GCC_WARN_ABOUT_RETURN_TYPE = YES_ERROR;
				GCC_WARN_UNDECLARED_SELECTOR = YES;
				GCC_WARN_UNINITIALIZED_AUTOS = YES_AGGRESSIVE;
				GCC_WARN_UNUSED_FUNCTION = YES;
				GCC_WARN_UNUSED_VARIABLE = YES;
				IPHONEOS_DEPLOYMENT_TARGET = 10.0;
				MTL_ENABLE_DEBUG_INFO = NO;
				SDKROOT = iphoneos;
				SWIFT_OPTIMIZATION_LEVEL = "-Owholemodule";
				TARGETED_DEVICE_FAMILY = "1,2";
				VALIDATE_PRODUCT = YES;
			};
			name = Release;
		};
		7BAB17B71D5240BA004F81C8 /* Debug */ = {
			isa = XCBuildConfiguration;
			buildSettings = {
				ASSETCATALOG_COMPILER_APPICON_NAME = AppIcon;
				INFOPLIST_FILE = MansionOfParty/Info.plist;
				IPHONEOS_DEPLOYMENT_TARGET = 9.3;
				LD_RUNPATH_SEARCH_PATHS = "$(inherited) @executable_path/Frameworks";
				PRODUCT_BUNDLE_IDENTIFIER = com.omnificCondition.MansionOfParty;
				PRODUCT_NAME = "$(TARGET_NAME)";
				SWIFT_VERSION = 3.0;
			};
			name = Debug;
		};
		7BAB17B81D5240BA004F81C8 /* Release */ = {
			isa = XCBuildConfiguration;
			buildSettings = {
				ASSETCATALOG_COMPILER_APPICON_NAME = AppIcon;
				INFOPLIST_FILE = MansionOfParty/Info.plist;
				IPHONEOS_DEPLOYMENT_TARGET = 9.3;
				LD_RUNPATH_SEARCH_PATHS = "$(inherited) @executable_path/Frameworks";
				PRODUCT_BUNDLE_IDENTIFIER = com.omnificCondition.MansionOfParty;
				PRODUCT_NAME = "$(TARGET_NAME)";
				SWIFT_VERSION = 3.0;
			};
			name = Release;
		};
		7BAB17BA1D5240BA004F81C8 /* Debug */ = {
			isa = XCBuildConfiguration;
			buildSettings = {
				BUNDLE_LOADER = "$(TEST_HOST)";
				INFOPLIST_FILE = MansionOfPartyTests/Info.plist;
				LD_RUNPATH_SEARCH_PATHS = "$(inherited) @executable_path/Frameworks @loader_path/Frameworks";
				PRODUCT_BUNDLE_IDENTIFIER = com.omnificCondition.MansionOfPartyTests;
				PRODUCT_NAME = "$(TARGET_NAME)";
				SWIFT_VERSION = 3.0;
				TEST_HOST = "$(BUILT_PRODUCTS_DIR)/MansionOfParty.app/MansionOfParty";
			};
			name = Debug;
		};
		7BAB17BB1D5240BA004F81C8 /* Release */ = {
			isa = XCBuildConfiguration;
			buildSettings = {
				BUNDLE_LOADER = "$(TEST_HOST)";
				INFOPLIST_FILE = MansionOfPartyTests/Info.plist;
				LD_RUNPATH_SEARCH_PATHS = "$(inherited) @executable_path/Frameworks @loader_path/Frameworks";
				PRODUCT_BUNDLE_IDENTIFIER = com.omnificCondition.MansionOfPartyTests;
				PRODUCT_NAME = "$(TARGET_NAME)";
				SWIFT_VERSION = 3.0;
				TEST_HOST = "$(BUILT_PRODUCTS_DIR)/MansionOfParty.app/MansionOfParty";
			};
			name = Release;
		};
/* End XCBuildConfiguration section */

/* Begin XCConfigurationList section */
		7BAB17941D5240B9004F81C8 /* Build configuration list for PBXProject "MansionOfParty" */ = {
			isa = XCConfigurationList;
			buildConfigurations = (
				7BAB17B41D5240BA004F81C8 /* Debug */,
				7BAB17B51D5240BA004F81C8 /* Release */,
			);
			defaultConfigurationIsVisible = 0;
			defaultConfigurationName = Release;
		};
		7BAB17B61D5240BA004F81C8 /* Build configuration list for PBXNativeTarget "MansionOfParty" */ = {
			isa = XCConfigurationList;
			buildConfigurations = (
				7BAB17B71D5240BA004F81C8 /* Debug */,
				7BAB17B81D5240BA004F81C8 /* Release */,
			);
			defaultConfigurationIsVisible = 0;
		};
		7BAB17B91D5240BA004F81C8 /* Build configuration list for PBXNativeTarget "MansionOfPartyTests" */ = {
			isa = XCConfigurationList;
			buildConfigurations = (
				7BAB17BA1D5240BA004F81C8 /* Debug */,
				7BAB17BB1D5240BA004F81C8 /* Release */,
			);
			defaultConfigurationIsVisible = 0;
		};
/* End XCConfigurationList section */
	};
	rootObject = 7BAB17911D5240B9004F81C8 /* Project object */;
}
